// !$*UTF8*$!
{
	archiveVersion = 1;
	classes = {
	};
	objectVersion = 50;
	objects = {

/* Begin PBXBuildFile section */
		6F5211DD240DEE86001F83B1 /* confetti.sks in Resources */ = {isa = PBXBuildFile; fileRef = 6F5211DC240DEE86001F83B1 /* confetti.sks */; };
		6F5211E5240DF311001F83B1 /* ConfettiV2.sks in Resources */ = {isa = PBXBuildFile; fileRef = 6F5211E4240DF311001F83B1 /* ConfettiV2.sks */; };
		6F5211E7240E0B3C001F83B1 /* confettiRed.sks in Resources */ = {isa = PBXBuildFile; fileRef = 6F5211E6240E0B3C001F83B1 /* confettiRed.sks */; };
		6F5211E9240E0BA3001F83B1 /* ConfettiRed2.sks in Resources */ = {isa = PBXBuildFile; fileRef = 6F5211E8240E0BA3001F83B1 /* ConfettiRed2.sks */; };
		6F561475246DC3AA0026B3E1 /* sixBySixScene.swift in Sources */ = {isa = PBXBuildFile; fileRef = 6F561474246DC3AA0026B3E1 /* sixBySixScene.swift */; };
		6F561477246DE3AA0026B3E1 /* sixBySix.swift in Sources */ = {isa = PBXBuildFile; fileRef = 6F561476246DE3AA0026B3E1 /* sixBySix.swift */; };
		6F561479246DE8FE0026B3E1 /* eightByEightScene.swift in Sources */ = {isa = PBXBuildFile; fileRef = 6F561478246DE8FE0026B3E1 /* eightByEightScene.swift */; };
		6F56147B246DEE470026B3E1 /* eightByEight.swift in Sources */ = {isa = PBXBuildFile; fileRef = 6F56147A246DEE470026B3E1 /* eightByEight.swift */; };
		6F6B16EF240CAE700051F085 /* GameClear.swift in Sources */ = {isa = PBXBuildFile; fileRef = 6F6B16EE240CAE700051F085 /* GameClear.swift */; };
		6FAD47F523D696570006505B /* AppDelegate.swift in Sources */ = {isa = PBXBuildFile; fileRef = 6FAD47F423D696570006505B /* AppDelegate.swift */; };
		6FAD47FB23D696570006505B /* GameScene.swift in Sources */ = {isa = PBXBuildFile; fileRef = 6FAD47FA23D696570006505B /* GameScene.swift */; };
		6FAD47FD23D696570006505B /* GameViewController.swift in Sources */ = {isa = PBXBuildFile; fileRef = 6FAD47FC23D696570006505B /* GameViewController.swift */; };
		6FAD480023D696570006505B /* Main.storyboard in Resources */ = {isa = PBXBuildFile; fileRef = 6FAD47FE23D696570006505B /* Main.storyboard */; };
		6FAD480223D696590006505B /* Assets.xcassets in Resources */ = {isa = PBXBuildFile; fileRef = 6FAD480123D696590006505B /* Assets.xcassets */; };
		6FAD480523D696590006505B /* LaunchScreen.storyboard in Resources */ = {isa = PBXBuildFile; fileRef = 6FAD480323D696590006505B /* LaunchScreen.storyboard */; };
		6FAD480F23D697580006505B /* button.swift in Sources */ = {isa = PBXBuildFile; fileRef = 6FAD480E23D697580006505B /* button.swift */; };
		6FAD481123DA8BFE0006505B /* board.swift in Sources */ = {isa = PBXBuildFile; fileRef = 6FAD481023DA8BFE0006505B /* board.swift */; };
		6FFCE48D240F213D00487DDA /* replayButton.swift in Sources */ = {isa = PBXBuildFile; fileRef = 6FFCE48C240F213D00487DDA /* replayButton.swift */; };
		6FFCE48F241017BB00487DDA /* newBoardButton.swift in Sources */ = {isa = PBXBuildFile; fileRef = 6FFCE48E241017BB00487DDA /* newBoardButton.swift */; };
		6FFCE4912410180000487DDA /* GameStartScene.swift in Sources */ = {isa = PBXBuildFile; fileRef = 6FFCE4902410180000487DDA /* GameStartScene.swift */; };
		6FFCE493241039F600487DDA /* fourByfour.swift in Sources */ = {isa = PBXBuildFile; fileRef = 6FFCE492241039F600487DDA /* fourByfour.swift */; };
		6FFCE4972411A11600487DDA /* HowToPlayScene.swift in Sources */ = {isa = PBXBuildFile; fileRef = 6FFCE4962411A11600487DDA /* HowToPlayScene.swift */; };
		6FFCE4992411CEC300487DDA /* HowToPlayButton.swift in Sources */ = {isa = PBXBuildFile; fileRef = 6FFCE4982411CEC300487DDA /* HowToPlayButton.swift */; };
/* End PBXBuildFile section */

/* Begin PBXFileReference section */
		6F5211DC240DEE86001F83B1 /* confetti.sks */ = {isa = PBXFileReference; lastKnownFileType = file.sks; path = confetti.sks; sourceTree = "<group>"; };
		6F5211E4240DF311001F83B1 /* ConfettiV2.sks */ = {isa = PBXFileReference; lastKnownFileType = file.sks; path = ConfettiV2.sks; sourceTree = "<group>"; };
		6F5211E6240E0B3C001F83B1 /* confettiRed.sks */ = {isa = PBXFileReference; lastKnownFileType = file.sks; path = confettiRed.sks; sourceTree = "<group>"; };
		6F5211E8240E0BA3001F83B1 /* ConfettiRed2.sks */ = {isa = PBXFileReference; lastKnownFileType = file.sks; path = ConfettiRed2.sks; sourceTree = "<group>"; };
		6F561474246DC3AA0026B3E1 /* sixBySixScene.swift */ = {isa = PBXFileReference; lastKnownFileType = sourcecode.swift; path = sixBySixScene.swift; sourceTree = "<group>"; };
		6F561476246DE3AA0026B3E1 /* sixBySix.swift */ = {isa = PBXFileReference; lastKnownFileType = sourcecode.swift; path = sixBySix.swift; sourceTree = "<group>"; };
		6F561478246DE8FE0026B3E1 /* eightByEightScene.swift */ = {isa = PBXFileReference; lastKnownFileType = sourcecode.swift; path = eightByEightScene.swift; sourceTree = "<group>"; };
		6F56147A246DEE470026B3E1 /* eightByEight.swift */ = {isa = PBXFileReference; lastKnownFileType = sourcecode.swift; path = eightByEight.swift; sourceTree = "<group>"; };
		6F6B16EE240CAE700051F085 /* GameClear.swift */ = {isa = PBXFileReference; lastKnownFileType = sourcecode.swift; path = GameClear.swift; sourceTree = "<group>"; };
		6FAD47F123D696570006505B /* 0hh1.app */ = {isa = PBXFileReference; explicitFileType = wrapper.application; includeInIndex = 0; path = 0hh1.app; sourceTree = BUILT_PRODUCTS_DIR; };
		6FAD47F423D696570006505B /* AppDelegate.swift */ = {isa = PBXFileReference; lastKnownFileType = sourcecode.swift; path = AppDelegate.swift; sourceTree = "<group>"; };
		6FAD47FA23D696570006505B /* GameScene.swift */ = {isa = PBXFileReference; lastKnownFileType = sourcecode.swift; path = GameScene.swift; sourceTree = "<group>"; };
		6FAD47FC23D696570006505B /* GameViewController.swift */ = {isa = PBXFileReference; lastKnownFileType = sourcecode.swift; path = GameViewController.swift; sourceTree = "<group>"; };
		6FAD47FF23D696570006505B /* Base */ = {isa = PBXFileReference; lastKnownFileType = file.storyboard; name = Base; path = Base.lproj/Main.storyboard; sourceTree = "<group>"; };
		6FAD480123D696590006505B /* Assets.xcassets */ = {isa = PBXFileReference; lastKnownFileType = folder.assetcatalog; path = Assets.xcassets; sourceTree = "<group>"; };
		6FAD480423D696590006505B /* Base */ = {isa = PBXFileReference; lastKnownFileType = file.storyboard; name = Base; path = Base.lproj/LaunchScreen.storyboard; sourceTree = "<group>"; };
		6FAD480623D696590006505B /* Info.plist */ = {isa = PBXFileReference; lastKnownFileType = text.plist.xml; path = Info.plist; sourceTree = "<group>"; };
		6FAD480E23D697580006505B /* button.swift */ = {isa = PBXFileReference; lastKnownFileType = sourcecode.swift; path = button.swift; sourceTree = "<group>"; };
		6FAD481023DA8BFE0006505B /* board.swift */ = {isa = PBXFileReference; lastKnownFileType = sourcecode.swift; path = board.swift; sourceTree = "<group>"; };
		6FFCE48C240F213D00487DDA /* replayButton.swift */ = {isa = PBXFileReference; lastKnownFileType = sourcecode.swift; path = replayButton.swift; sourceTree = "<group>"; };
		6FFCE48E241017BB00487DDA /* newBoardButton.swift */ = {isa = PBXFileReference; lastKnownFileType = sourcecode.swift; path = newBoardButton.swift; sourceTree = "<group>"; };
		6FFCE4902410180000487DDA /* GameStartScene.swift */ = {isa = PBXFileReference; lastKnownFileType = sourcecode.swift; path = GameStartScene.swift; sourceTree = "<group>"; };
		6FFCE492241039F600487DDA /* fourByfour.swift */ = {isa = PBXFileReference; lastKnownFileType = sourcecode.swift; path = fourByfour.swift; sourceTree = "<group>"; };
		6FFCE4962411A11600487DDA /* HowToPlayScene.swift */ = {isa = PBXFileReference; lastKnownFileType = sourcecode.swift; path = HowToPlayScene.swift; sourceTree = "<group>"; };
		6FFCE4982411CEC300487DDA /* HowToPlayButton.swift */ = {isa = PBXFileReference; lastKnownFileType = sourcecode.swift; path = HowToPlayButton.swift; sourceTree = "<group>"; };
/* End PBXFileReference section */

/* Begin PBXFrameworksBuildPhase section */
		6FAD47EE23D696570006505B /* Frameworks */ = {
			isa = PBXFrameworksBuildPhase;
			buildActionMask = 2147483647;
			files = (
			);
			runOnlyForDeploymentPostprocessing = 0;
		};
/* End PBXFrameworksBuildPhase section */

/* Begin PBXGroup section */
		6FAD47E823D696570006505B = {
			isa = PBXGroup;
			children = (
				6FAD47F323D696570006505B /* 0hh1App */,
				6FAD47F223D696570006505B /* Products */,
			);
			sourceTree = "<group>";
		};
		6FAD47F223D696570006505B /* Products */ = {
			isa = PBXGroup;
			children = (
				6FAD47F123D696570006505B /* 0hh1.app */,
			);
			name = Products;
			sourceTree = "<group>";
		};
		6FAD47F323D696570006505B /* 0hh1App */ = {
			isa = PBXGroup;
			children = (
				6FAD480123D696590006505B /* Assets.xcassets */,
				6F5211E4240DF311001F83B1 /* ConfettiV2.sks */,
				6F5211E8240E0BA3001F83B1 /* ConfettiRed2.sks */,
				6F5211E6240E0B3C001F83B1 /* confettiRed.sks */,
				6F5211DC240DEE86001F83B1 /* confetti.sks */,
				6FAD47F423D696570006505B /* AppDelegate.swift */,
				6FAD47FE23D696570006505B /* Main.storyboard */,
				6FAD480323D696590006505B /* LaunchScreen.storyboard */,
				6FAD480623D696590006505B /* Info.plist */,
				6FAD480E23D697580006505B /* button.swift */,
				6FAD481023DA8BFE0006505B /* board.swift */,
				6FFCE48C240F213D00487DDA /* replayButton.swift */,
				6FFCE48E241017BB00487DDA /* newBoardButton.swift */,
				6FFCE4982411CEC300487DDA /* HowToPlayButton.swift */,
				6FFCE492241039F600487DDA /* fourByfour.swift */,
				6F561476246DE3AA0026B3E1 /* sixBySix.swift */,
				6F56147A246DEE470026B3E1 /* eightByEight.swift */,
				6FAD47FA23D696570006505B /* GameScene.swift */,
				6F561474246DC3AA0026B3E1 /* sixBySixScene.swift */,
				6F561478246DE8FE0026B3E1 /* eightByEightScene.swift */,
				6FFCE4962411A11600487DDA /* HowToPlayScene.swift */,
				6F6B16EE240CAE700051F085 /* GameClear.swift */,
				6FFCE4902410180000487DDA /* GameStartScene.swift */,
				6FAD47FC23D696570006505B /* GameViewController.swift */,
			);
			path = 0hh1App;
			sourceTree = "<group>";
		};
/* End PBXGroup section */

/* Begin PBXNativeTarget section */
		6FAD47F023D696570006505B /* 0hh1App */ = {
			isa = PBXNativeTarget;
			buildConfigurationList = 6FAD480923D696590006505B /* Build configuration list for PBXNativeTarget "0hh1App" */;
			buildPhases = (
				6FAD47ED23D696570006505B /* Sources */,
				6FAD47EE23D696570006505B /* Frameworks */,
				6FAD47EF23D696570006505B /* Resources */,
			);
			buildRules = (
			);
			dependencies = (
			);
			name = 0hh1App;
			productName = 0hh1App;
			productReference = 6FAD47F123D696570006505B /* 0hh1.app */;
			productType = "com.apple.product-type.application";
		};
/* End PBXNativeTarget section */

/* Begin PBXProject section */
		6FAD47E923D696570006505B /* Project object */ = {
			isa = PBXProject;
			attributes = {
				LastSwiftUpdateCheck = 1130;
				LastUpgradeCheck = 1130;
				ORGANIZATIONNAME = "Kaoru Murai";
				TargetAttributes = {
					6FAD47F023D696570006505B = {
						CreatedOnToolsVersion = 11.3.1;
					};
				};
			};
			buildConfigurationList = 6FAD47EC23D696570006505B /* Build configuration list for PBXProject "0hh1App" */;
			compatibilityVersion = "Xcode 9.3";
			developmentRegion = en;
			hasScannedForEncodings = 0;
			knownRegions = (
				en,
				Base,
			);
			mainGroup = 6FAD47E823D696570006505B;
			productRefGroup = 6FAD47F223D696570006505B /* Products */;
			projectDirPath = "";
			projectRoot = "";
			targets = (
				6FAD47F023D696570006505B /* 0hh1App */,
			);
		};
/* End PBXProject section */

/* Begin PBXResourcesBuildPhase section */
		6FAD47EF23D696570006505B /* Resources */ = {
			isa = PBXResourcesBuildPhase;
			buildActionMask = 2147483647;
			files = (
				6FAD480023D696570006505B /* Main.storyboard in Resources */,
				6F5211E7240E0B3C001F83B1 /* confettiRed.sks in Resources */,
				6FAD480223D696590006505B /* Assets.xcassets in Resources */,
				6FAD480523D696590006505B /* LaunchScreen.storyboard in Resources */,
				6F5211DD240DEE86001F83B1 /* confetti.sks in Resources */,
				6F5211E5240DF311001F83B1 /* ConfettiV2.sks in Resources */,
				6F5211E9240E0BA3001F83B1 /* ConfettiRed2.sks in Resources */,
			);
			runOnlyForDeploymentPostprocessing = 0;
		};
/* End PBXResourcesBuildPhase section */

/* Begin PBXSourcesBuildPhase section */
		6FAD47ED23D696570006505B /* Sources */ = {
			isa = PBXSourcesBuildPhase;
			buildActionMask = 2147483647;
			files = (
				6F561475246DC3AA0026B3E1 /* sixBySixScene.swift in Sources */,
				6FAD47FB23D696570006505B /* GameScene.swift in Sources */,
				6FAD481123DA8BFE0006505B /* board.swift in Sources */,
				6FFCE493241039F600487DDA /* fourByfour.swift in Sources */,
				6FFCE4912410180000487DDA /* GameStartScene.swift in Sources */,
				6FAD47FD23D696570006505B /* GameViewController.swift in Sources */,
				6F561477246DE3AA0026B3E1 /* sixBySix.swift in Sources */,
				6F6B16EF240CAE700051F085 /* GameClear.swift in Sources */,
				6FFCE48D240F213D00487DDA /* replayButton.swift in Sources */,
				6F561479246DE8FE0026B3E1 /* eightByEightScene.swift in Sources */,
				6F56147B246DEE470026B3E1 /* eightByEight.swift in Sources */,
				6FFCE4992411CEC300487DDA /* HowToPlayButton.swift in Sources */,
				6FFCE48F241017BB00487DDA /* newBoardButton.swift in Sources */,
				6FAD47F523D696570006505B /* AppDelegate.swift in Sources */,
				6FFCE4972411A11600487DDA /* HowToPlayScene.swift in Sources */,
				6FAD480F23D697580006505B /* button.swift in Sources */,
			);
			runOnlyForDeploymentPostprocessing = 0;
		};
/* End PBXSourcesBuildPhase section */

/* Begin PBXVariantGroup section */
		6FAD47FE23D696570006505B /* Main.storyboard */ = {
			isa = PBXVariantGroup;
			children = (
				6FAD47FF23D696570006505B /* Base */,
			);
			name = Main.storyboard;
			sourceTree = "<group>";
		};
		6FAD480323D696590006505B /* LaunchScreen.storyboard */ = {
			isa = PBXVariantGroup;
			children = (
				6FAD480423D696590006505B /* Base */,
			);
			name = LaunchScreen.storyboard;
			sourceTree = "<group>";
		};
/* End PBXVariantGroup section */

/* Begin XCBuildConfiguration section */
		6FAD480723D696590006505B /* Debug */ = {
			isa = XCBuildConfiguration;
			buildSettings = {
				ALWAYS_SEARCH_USER_PATHS = NO;
				CLANG_ANALYZER_NONNULL = YES;
				CLANG_ANALYZER_NUMBER_OBJECT_CONVERSION = YES_AGGRESSIVE;
				CLANG_CXX_LANGUAGE_STANDARD = "gnu++14";
				CLANG_CXX_LIBRARY = "libc++";
				CLANG_ENABLE_MODULES = YES;
				CLANG_ENABLE_OBJC_ARC = YES;
				CLANG_ENABLE_OBJC_WEAK = YES;
				CLANG_WARN_BLOCK_CAPTURE_AUTORELEASING = YES;
				CLANG_WARN_BOOL_CONVERSION = YES;
				CLANG_WARN_COMMA = YES;
				CLANG_WARN_CONSTANT_CONVERSION = YES;
				CLANG_WARN_DEPRECATED_OBJC_IMPLEMENTATIONS = YES;
				CLANG_WARN_DIRECT_OBJC_ISA_USAGE = YES_ERROR;
				CLANG_WARN_DOCUMENTATION_COMMENTS = YES;
				CLANG_WARN_EMPTY_BODY = YES;
				CLANG_WARN_ENUM_CONVERSION = YES;
				CLANG_WARN_INFINITE_RECURSION = YES;
				CLANG_WARN_INT_CONVERSION = YES;
				CLANG_WARN_NON_LITERAL_NULL_CONVERSION = YES;
				CLANG_WARN_OBJC_IMPLICIT_RETAIN_SELF = YES;
				CLANG_WARN_OBJC_LITERAL_CONVERSION = YES;
				CLANG_WARN_OBJC_ROOT_CLASS = YES_ERROR;
				CLANG_WARN_RANGE_LOOP_ANALYSIS = YES;
				CLANG_WARN_STRICT_PROTOTYPES = YES;
				CLANG_WARN_SUSPICIOUS_MOVE = YES;
				CLANG_WARN_UNGUARDED_AVAILABILITY = YES_AGGRESSIVE;
				CLANG_WARN_UNREACHABLE_CODE = YES;
				CLANG_WARN__DUPLICATE_METHOD_MATCH = YES;
				COPY_PHASE_STRIP = NO;
				DEBUG_INFORMATION_FORMAT = dwarf;
				ENABLE_STRICT_OBJC_MSGSEND = YES;
				ENABLE_TESTABILITY = YES;
				GCC_C_LANGUAGE_STANDARD = gnu11;
				GCC_DYNAMIC_NO_PIC = NO;
				GCC_NO_COMMON_BLOCKS = YES;
				GCC_OPTIMIZATION_LEVEL = 0;
				GCC_PREPROCESSOR_DEFINITIONS = (
					"DEBUG=1",
					"$(inherited)",
				);
				GCC_WARN_64_TO_32_BIT_CONVERSION = YES;
				GCC_WARN_ABOUT_RETURN_TYPE = YES_ERROR;
				GCC_WARN_UNDECLARED_SELECTOR = YES;
				GCC_WARN_UNINITIALIZED_AUTOS = YES_AGGRESSIVE;
				GCC_WARN_UNUSED_FUNCTION = YES;
				GCC_WARN_UNUSED_VARIABLE = YES;
				IPHONEOS_DEPLOYMENT_TARGET = 13.2;
				MTL_ENABLE_DEBUG_INFO = INCLUDE_SOURCE;
				MTL_FAST_MATH = YES;
				ONLY_ACTIVE_ARCH = YES;
				SDKROOT = iphoneos;
				SWIFT_ACTIVE_COMPILATION_CONDITIONS = DEBUG;
				SWIFT_OPTIMIZATION_LEVEL = "-Onone";
			};
			name = Debug;
		};
		6FAD480823D696590006505B /* Release */ = {
			isa = XCBuildConfiguration;
			buildSettings = {
				ALWAYS_SEARCH_USER_PATHS = NO;
				CLANG_ANALYZER_NONNULL = YES;
				CLANG_ANALYZER_NUMBER_OBJECT_CONVERSION = YES_AGGRESSIVE;
				CLANG_CXX_LANGUAGE_STANDARD = "gnu++14";
				CLANG_CXX_LIBRARY = "libc++";
				CLANG_ENABLE_MODULES = YES;
				CLANG_ENABLE_OBJC_ARC = YES;
				CLANG_ENABLE_OBJC_WEAK = YES;
				CLANG_WARN_BLOCK_CAPTURE_AUTORELEASING = YES;
				CLANG_WARN_BOOL_CONVERSION = YES;
				CLANG_WARN_COMMA = YES;
				CLANG_WARN_CONSTANT_CONVERSION = YES;
				CLANG_WARN_DEPRECATED_OBJC_IMPLEMENTATIONS = YES;
				CLANG_WARN_DIRECT_OBJC_ISA_USAGE = YES_ERROR;
				CLANG_WARN_DOCUMENTATION_COMMENTS = YES;
				CLANG_WARN_EMPTY_BODY = YES;
				CLANG_WARN_ENUM_CONVERSION = YES;
				CLANG_WARN_INFINITE_RECURSION = YES;
				CLANG_WARN_INT_CONVERSION = YES;
				CLANG_WARN_NON_LITERAL_NULL_CONVERSION = YES;
				CLANG_WARN_OBJC_IMPLICIT_RETAIN_SELF = YES;
				CLANG_WARN_OBJC_LITERAL_CONVERSION = YES;
				CLANG_WARN_OBJC_ROOT_CLASS = YES_ERROR;
				CLANG_WARN_RANGE_LOOP_ANALYSIS = YES;
				CLANG_WARN_STRICT_PROTOTYPES = YES;
				CLANG_WARN_SUSPICIOUS_MOVE = YES;
				CLANG_WARN_UNGUARDED_AVAILABILITY = YES_AGGRESSIVE;
				CLANG_WARN_UNREACHABLE_CODE = YES;
				CLANG_WARN__DUPLICATE_METHOD_MATCH = YES;
				COPY_PHASE_STRIP = NO;
				DEBUG_INFORMATION_FORMAT = "dwarf-with-dsym";
				ENABLE_NS_ASSERTIONS = NO;
				ENABLE_STRICT_OBJC_MSGSEND = YES;
				GCC_C_LANGUAGE_STANDARD = gnu11;
				GCC_NO_COMMON_BLOCKS = YES;
				GCC_WARN_64_TO_32_BIT_CONVERSION = YES;
				GCC_WARN_ABOUT_RETURN_TYPE = YES_ERROR;
				GCC_WARN_UNDECLARED_SELECTOR = YES;
				GCC_WARN_UNINITIALIZED_AUTOS = YES_AGGRESSIVE;
				GCC_WARN_UNUSED_FUNCTION = YES;
				GCC_WARN_UNUSED_VARIABLE = YES;
				IPHONEOS_DEPLOYMENT_TARGET = 13.2;
				MTL_ENABLE_DEBUG_INFO = NO;
				MTL_FAST_MATH = YES;
				SDKROOT = iphoneos;
				SWIFT_COMPILATION_MODE = wholemodule;
				SWIFT_OPTIMIZATION_LEVEL = "-O";
				VALIDATE_PRODUCT = YES;
			};
			name = Release;
		};
		6FAD480A23D696590006505B /* Debug */ = {
			isa = XCBuildConfiguration;
			buildSettings = {
				ASSETCATALOG_COMPILER_APPICON_NAME = AppIcon;
				CODE_SIGN_STYLE = Automatic;
				DEVELOPMENT_TEAM = J2UX47HM28;
				INFOPLIST_FILE = 0hh1App/Info.plist;
				LD_RUNPATH_SEARCH_PATHS = (
					"$(inherited)",
					"@executable_path/Frameworks",
				);
				PRODUCT_BUNDLE_IDENTIFIER = "edu.umich.kaolugo.-hh1App";
				PRODUCT_NAME = 0hh1;
				SWIFT_VERSION = 5.0;
				TARGETED_DEVICE_FAMILY = 1;
			};
			name = Debug;
		};
		6FAD480B23D696590006505B /* Release */ = {
			isa = XCBuildConfiguration;
			buildSettings = {
				ASSETCATALOG_COMPILER_APPICON_NAME = AppIcon;
				CODE_SIGN_STYLE = Automatic;
				DEVELOPMENT_TEAM = J2UX47HM28;
				INFOPLIST_FILE = 0hh1App/Info.plist;
				LD_RUNPATH_SEARCH_PATHS = (
					"$(inherited)",
					"@executable_path/Frameworks",
				);
				PRODUCT_BUNDLE_IDENTIFIER = "edu.umich.kaolugo.-hh1App";
				PRODUCT_NAME = 0hh1;
				SWIFT_VERSION = 5.0;
				TARGETED_DEVICE_FAMILY = 1;
			};
			name = Release;
		};
/* End XCBuildConfiguration section */

/* Begin XCConfigurationList section */
		6FAD47EC23D696570006505B /* Build configuration list for PBXProject "0hh1App" */ = {
			isa = XCConfigurationList;
			buildConfigurations = (
				6FAD480723D696590006505B /* Debug */,
				6FAD480823D696590006505B /* Release */,
			);
			defaultConfigurationIsVisible = 0;
			defaultConfigurationName = Release;
		};
		6FAD480923D696590006505B /* Build configuration list for PBXNativeTarget "0hh1App" */ = {
			isa = XCConfigurationList;
			buildConfigurations = (
				6FAD480A23D696590006505B /* Debug */,
				6FAD480B23D696590006505B /* Release */,
			);
			defaultConfigurationIsVisible = 0;
			defaultConfigurationName = Release;
		};
/* End XCConfigurationList section */
	};
	rootObject = 6FAD47E923D696570006505B /* Project object */;
}
